
Microsoft Visual Studio Solution File, Format Version 12.00
# Visual Studio 2012
Project("{FAE04EC0-301F-11D3-BF4B-00C04F79EFBC}") = "StatisticsOfSales.Domain", "StatisticsOfSales.Domain\StatisticsOfSales.Domain.csproj", "{DE8599EB-53F1-4904-B827-8D62A42A51A7}"
EndProject
Project("{FAE04EC0-301F-11D3-BF4B-00C04F79EFBC}") = "StatisticsOfSales.UnitTests", "StatisticsOfSales.UnitTests\StatisticsOfSales.UnitTests.csproj", "{33E8159E-2B10-43C2-8DE5-6B87DCDEED98}"
EndProject
Project("{FAE04EC0-301F-11D3-BF4B-00C04F79EFBC}") = "StatisticsOfSales.WebUI", "StatisticsOfSales.WebUI\StatisticsOfSales.WebUI.csproj", "{173E9200-CEA2-4F1F-ADF2-3BD5E142B8D7}"
EndProject
Global
	GlobalSection(SolutionConfigurationPlatforms) = preSolution
		Debug|Any CPU = Debug|Any CPU
		Release|Any CPU = Release|Any CPU
	EndGlobalSection
	GlobalSection(ProjectConfigurationPlatforms) = postSolution
		{DE8599EB-53F1-4904-B827-8D62A42A51A7}.Debug|Any CPU.ActiveCfg = Debug|Any CPU
		{DE8599EB-53F1-4904-B827-8D62A42A51A7}.Debug|Any CPU.Build.0 = Debug|Any CPU
		{DE8599EB-53F1-4904-B827-8D62A42A51A7}.Release|Any CPU.ActiveCfg = Release|Any CPU
		{DE8599EB-53F1-4904-B827-8D62A42A51A7}.Release|Any CPU.Build.0 = Release|Any CPU
		{33E8159E-2B10-43C2-8DE5-6B87DCDEED98}.Debug|Any CPU.ActiveCfg = Debug|Any CPU
		{33E8159E-2B10-43C2-8DE5-6B87DCDEED98}.Debug|Any CPU.Build.0 = Debug|Any CPU
		{33E8159E-2B10-43C2-8DE5-6B87DCDEED98}.Release|Any CPU.ActiveCfg = Release|Any CPU
		{33E8159E-2B10-43C2-8DE5-6B87DCDEED98}.Release|Any CPU.Build.0 = Release|Any CPU
		{173E9200-CEA2-4F1F-ADF2-3BD5E142B8D7}.Debug|Any CPU.ActiveCfg = Debug|Any CPU
		{173E9200-CEA2-4F1F-ADF2-3BD5E142B8D7}.Debug|Any CPU.Build.0 = Debug|Any CPU
		{173E9200-CEA2-4F1F-ADF2-3BD5E142B8D7}.Release|Any CPU.ActiveCfg = Release|Any CPU
		{173E9200-CEA2-4F1F-ADF2-3BD5E142B8D7}.Release|Any CPU.Build.0 = Release|Any CPU
	EndGlobalSection
	GlobalSection(SolutionProperties) = preSolution
		HideSolutionNode = FALSE
	EndGlobalSection
EndGlobal
