
Microsoft Visual Studio Solution File, Format Version 12.00
# Visual Studio 2013
VisualStudioVersion = 12.0.40629.0
MinimumVisualStudioVersion = 10.0.40219.1
Project("{FAE04EC0-301F-11D3-BF4B-00C04F79EFBC}") = "StatisticsOfSales.Domain", "StatisticsOfSales.Domain\StatisticsOfSales.Domain.csproj", "{773CCDB0-F178-45A7-AA1A-B71D8E74B97C}"
EndProject
Project("{FAE04EC0-301F-11D3-BF4B-00C04F79EFBC}") = "StatisticsOfSales.WebUI", "StatisticsOfSales.WebUI\StatisticsOfSales.WebUI.csproj", "{FA3DD57B-EB49-403D-80EF-C4ED69EB34F1}"
EndProject
Global
	GlobalSection(SolutionConfigurationPlatforms) = preSolution
		Debug|Any CPU = Debug|Any CPU
		Release|Any CPU = Release|Any CPU
	EndGlobalSection
	GlobalSection(ProjectConfigurationPlatforms) = postSolution
		{773CCDB0-F178-45A7-AA1A-B71D8E74B97C}.Debug|Any CPU.ActiveCfg = Debug|Any CPU
		{773CCDB0-F178-45A7-AA1A-B71D8E74B97C}.Debug|Any CPU.Build.0 = Debug|Any CPU
		{773CCDB0-F178-45A7-AA1A-B71D8E74B97C}.Release|Any CPU.ActiveCfg = Release|Any CPU
		{773CCDB0-F178-45A7-AA1A-B71D8E74B97C}.Release|Any CPU.Build.0 = Release|Any CPU
		{FA3DD57B-EB49-403D-80EF-C4ED69EB34F1}.Debug|Any CPU.ActiveCfg = Debug|Any CPU
		{FA3DD57B-EB49-403D-80EF-C4ED69EB34F1}.Debug|Any CPU.Build.0 = Debug|Any CPU
		{FA3DD57B-EB49-403D-80EF-C4ED69EB34F1}.Release|Any CPU.ActiveCfg = Release|Any CPU
		{FA3DD57B-EB49-403D-80EF-C4ED69EB34F1}.Release|Any CPU.Build.0 = Release|Any CPU
	EndGlobalSection
	GlobalSection(SolutionProperties) = preSolution
		HideSolutionNode = FALSE
	EndGlobalSection
EndGlobal
